// !$*UTF8*$!
{
	archiveVersion = 1;
	classes = {
	};
	objectVersion = 46;
	objects = {

/* Begin PBXBuildFile section */
		19FB6B201842832800C71880 /* XCTest.framework in Frameworks */ = {isa = PBXBuildFile; fileRef = 19FB6B1F1842832800C71880 /* XCTest.framework */; };
		19FB6B241842832800C71880 /* libMongooseDaemon.a in Frameworks */ = {isa = PBXBuildFile; fileRef = 19FB6B0B1842832800C71880 /* libMongooseDaemon.a */; };
		19FB6B2A1842832800C71880 /* InfoPlist.strings in Resources */ = {isa = PBXBuildFile; fileRef = 19FB6B281842832800C71880 /* InfoPlist.strings */; };
		19FB6B2C1842832800C71880 /* MongooseDaemonTests.m in Sources */ = {isa = PBXBuildFile; fileRef = 19FB6B2B1842832800C71880 /* MongooseDaemonTests.m */; };
		19FB6B6A1842843900C71880 /* MongooseDaemon.h in Headers */ = {isa = PBXBuildFile; fileRef = 19FB6B681842843900C71880 /* MongooseDaemon.h */; settings = {ATTRIBUTES = (Public, ); }; };
		19FB6B6B1842843900C71880 /* MongooseDaemon.m in Sources */ = {isa = PBXBuildFile; fileRef = 19FB6B691842843900C71880 /* MongooseDaemon.m */; };
		19FB6B6F184286C600C71880 /* mongoose.c in Sources */ = {isa = PBXBuildFile; fileRef = 19FB6B6D184286C600C71880 /* mongoose.c */; };
		19FB6B70184286C600C71880 /* mongoose.h in Headers */ = {isa = PBXBuildFile; fileRef = 19FB6B6E184286C600C71880 /* mongoose.h */; settings = {ATTRIBUTES = (Private, ); }; };
		19FB6B8718428A7200C71880 /* XCTest.framework in Frameworks */ = {isa = PBXBuildFile; fileRef = 19FB6B1F1842832800C71880 /* XCTest.framework */; };
		19FB6B8B18428A7200C71880 /* MongooseDaemon.framework in Frameworks */ = {isa = PBXBuildFile; fileRef = 19FB6B7618428A7200C71880 /* MongooseDaemon.framework */; };
		19FB6B9A18428AD000C71880 /* mongoose.c in Sources */ = {isa = PBXBuildFile; fileRef = 19FB6B6D184286C600C71880 /* mongoose.c */; };
		19FB6B9B18428AD200C71880 /* mongoose.h in Headers */ = {isa = PBXBuildFile; fileRef = 19FB6B6E184286C600C71880 /* mongoose.h */; settings = {ATTRIBUTES = (Private, ); }; };
		19FB6B9C18428ADC00C71880 /* MongooseDaemon.m in Sources */ = {isa = PBXBuildFile; fileRef = 19FB6B691842843900C71880 /* MongooseDaemon.m */; };
		19FB6B9D18428ADF00C71880 /* MongooseDaemon.h in Headers */ = {isa = PBXBuildFile; fileRef = 19FB6B681842843900C71880 /* MongooseDaemon.h */; settings = {ATTRIBUTES = (Public, ); }; };
/* End PBXBuildFile section */

/* Begin PBXContainerItemProxy section */
		19FB6B221842832800C71880 /* PBXContainerItemProxy */ = {
			isa = PBXContainerItemProxy;
			containerPortal = 19FB6B031842832800C71880 /* Project object */;
			proxyType = 1;
			remoteGlobalIDString = 19FB6B0A1842832800C71880;
			remoteInfo = MongooseDaemon;
		};
		19FB6B8918428A7200C71880 /* PBXContainerItemProxy */ = {
			isa = PBXContainerItemProxy;
			containerPortal = 19FB6B031842832800C71880 /* Project object */;
			proxyType = 1;
			remoteGlobalIDString = 19FB6B7518428A7200C71880;
			remoteInfo = MongooseDaemon;
		};
/* End PBXContainerItemProxy section */

/* Begin PBXFileReference section */
		19FB6B0B1842832800C71880 /* libMongooseDaemon.a */ = {isa = PBXFileReference; explicitFileType = archive.ar; includeInIndex = 0; path = libMongooseDaemon.a; sourceTree = BUILT_PRODUCTS_DIR; };
		19FB6B111842832800C71880 /* Foundation.framework */ = {isa = PBXFileReference; lastKnownFileType = wrapper.framework; name = Foundation.framework; path = System/Library/Frameworks/Foundation.framework; sourceTree = SDKROOT; };
		19FB6B161842832800C71880 /* MongooseDaemon-Prefix.pch */ = {isa = PBXFileReference; lastKnownFileType = sourcecode.c.h; path = "MongooseDaemon-Prefix.pch"; sourceTree = "<group>"; };
		19FB6B1E1842832800C71880 /* MongooseDaemonTests.xctest */ = {isa = PBXFileReference; explicitFileType = wrapper.cfbundle; includeInIndex = 0; path = MongooseDaemonTests.xctest; sourceTree = BUILT_PRODUCTS_DIR; };
		19FB6B1F1842832800C71880 /* XCTest.framework */ = {isa = PBXFileReference; lastKnownFileType = wrapper.framework; name = XCTest.framework; path = Library/Frameworks/XCTest.framework; sourceTree = DEVELOPER_DIR; };
		19FB6B271842832800C71880 /* MongooseDaemonTests-Info.plist */ = {isa = PBXFileReference; lastKnownFileType = text.plist.xml; path = "MongooseDaemonTests-Info.plist"; sourceTree = "<group>"; };
		19FB6B291842832800C71880 /* en */ = {isa = PBXFileReference; lastKnownFileType = text.plist.strings; name = en; path = en.lproj/InfoPlist.strings; sourceTree = "<group>"; };
		19FB6B2B1842832800C71880 /* MongooseDaemonTests.m */ = {isa = PBXFileReference; lastKnownFileType = sourcecode.c.objc; path = MongooseDaemonTests.m; sourceTree = "<group>"; };
		19FB6B681842843900C71880 /* MongooseDaemon.h */ = {isa = PBXFileReference; fileEncoding = 4; lastKnownFileType = sourcecode.c.h; path = MongooseDaemon.h; sourceTree = "<group>"; };
		19FB6B691842843900C71880 /* MongooseDaemon.m */ = {isa = PBXFileReference; fileEncoding = 4; lastKnownFileType = sourcecode.c.objc; path = MongooseDaemon.m; sourceTree = "<group>"; };
		19FB6B6D184286C600C71880 /* mongoose.c */ = {isa = PBXFileReference; fileEncoding = 4; lastKnownFileType = sourcecode.c.c; path = mongoose.c; sourceTree = "<group>"; };
		19FB6B6E184286C600C71880 /* mongoose.h */ = {isa = PBXFileReference; fileEncoding = 4; lastKnownFileType = sourcecode.c.h; path = mongoose.h; sourceTree = "<group>"; };
		19FB6B7618428A7200C71880 /* MongooseDaemon.framework */ = {isa = PBXFileReference; explicitFileType = wrapper.framework; includeInIndex = 0; path = MongooseDaemon.framework; sourceTree = BUILT_PRODUCTS_DIR; };
		19FB6B8618428A7200C71880 /* MongooseDaemonTests.xctest */ = {isa = PBXFileReference; explicitFileType = wrapper.cfbundle; includeInIndex = 0; path = MongooseDaemonTests.xctest; sourceTree = BUILT_PRODUCTS_DIR; };
/* End PBXFileReference section */

/* Begin PBXFrameworksBuildPhase section */
		19FB6B081842832800C71880 /* Frameworks */ = {
			isa = PBXFrameworksBuildPhase;
			buildActionMask = 2147483647;
			files = (
			);
			runOnlyForDeploymentPostprocessing = 0;
		};
		19FB6B1B1842832800C71880 /* Frameworks */ = {
			isa = PBXFrameworksBuildPhase;
			buildActionMask = 2147483647;
			files = (
				19FB6B241842832800C71880 /* libMongooseDaemon.a in Frameworks */,
				19FB6B201842832800C71880 /* XCTest.framework in Frameworks */,
			);
			runOnlyForDeploymentPostprocessing = 0;
		};
		19FB6B7218428A7200C71880 /* Frameworks */ = {
			isa = PBXFrameworksBuildPhase;
			buildActionMask = 2147483647;
			files = (
			);
			runOnlyForDeploymentPostprocessing = 0;
		};
		19FB6B8318428A7200C71880 /* Frameworks */ = {
			isa = PBXFrameworksBuildPhase;
			buildActionMask = 2147483647;
			files = (
				19FB6B8B18428A7200C71880 /* MongooseDaemon.framework in Frameworks */,
				19FB6B8718428A7200C71880 /* XCTest.framework in Frameworks */,
			);
			runOnlyForDeploymentPostprocessing = 0;
		};
/* End PBXFrameworksBuildPhase section */

/* Begin PBXGroup section */
		19FB6B021842832800C71880 = {
			isa = PBXGroup;
			children = (
				19FB6B141842832800C71880 /* MongooseDaemon */,
				19FB6B6C1842846100C71880 /* mongoose */,
				19FB6B251842832800C71880 /* MongooseDaemonTests */,
				19FB6B0D1842832800C71880 /* Frameworks */,
				19FB6B0C1842832800C71880 /* Products */,
			);
			sourceTree = "<group>";
		};
		19FB6B0C1842832800C71880 /* Products */ = {
			isa = PBXGroup;
			children = (
				19FB6B0B1842832800C71880 /* libMongooseDaemon.a */,
				19FB6B1E1842832800C71880 /* MongooseDaemonTests.xctest */,
				19FB6B7618428A7200C71880 /* MongooseDaemon.framework */,
				19FB6B8618428A7200C71880 /* MongooseDaemonTests.xctest */,
			);
			name = Products;
			sourceTree = "<group>";
		};
		19FB6B0D1842832800C71880 /* Frameworks */ = {
			isa = PBXGroup;
			children = (
				19FB6B1F1842832800C71880 /* XCTest.framework */,
				19FB6B111842832800C71880 /* Foundation.framework */,
			);
			name = Frameworks;
			sourceTree = "<group>";
		};
		19FB6B141842832800C71880 /* MongooseDaemon */ = {
			isa = PBXGroup;
			children = (
				19FB6B681842843900C71880 /* MongooseDaemon.h */,
				19FB6B691842843900C71880 /* MongooseDaemon.m */,
				19FB6B151842832800C71880 /* Supporting Files */,
			);
			path = MongooseDaemon;
			sourceTree = "<group>";
		};
		19FB6B151842832800C71880 /* Supporting Files */ = {
			isa = PBXGroup;
			children = (
				19FB6B161842832800C71880 /* MongooseDaemon-Prefix.pch */,
			);
			name = "Supporting Files";
			sourceTree = "<group>";
		};
		19FB6B251842832800C71880 /* MongooseDaemonTests */ = {
			isa = PBXGroup;
			children = (
				19FB6B2B1842832800C71880 /* MongooseDaemonTests.m */,
				19FB6B261842832800C71880 /* Supporting Files */,
			);
			path = MongooseDaemonTests;
			sourceTree = "<group>";
		};
		19FB6B261842832800C71880 /* Supporting Files */ = {
			isa = PBXGroup;
			children = (
				19FB6B271842832800C71880 /* MongooseDaemonTests-Info.plist */,
				19FB6B281842832800C71880 /* InfoPlist.strings */,
			);
			name = "Supporting Files";
			sourceTree = "<group>";
		};
		19FB6B6C1842846100C71880 /* mongoose */ = {
			isa = PBXGroup;
			children = (
				19FB6B6D184286C600C71880 /* mongoose.c */,
				19FB6B6E184286C600C71880 /* mongoose.h */,
			);
			name = mongoose;
			path = ../mongoose;
			sourceTree = "<group>";
		};
/* End PBXGroup section */

/* Begin PBXHeadersBuildPhase section */
		19FB6B091842832800C71880 /* Headers */ = {
			isa = PBXHeadersBuildPhase;
			buildActionMask = 2147483647;
			files = (
				19FB6B6A1842843900C71880 /* MongooseDaemon.h in Headers */,
				19FB6B70184286C600C71880 /* mongoose.h in Headers */,
			);
			runOnlyForDeploymentPostprocessing = 0;
		};
		19FB6B7318428A7200C71880 /* Headers */ = {
			isa = PBXHeadersBuildPhase;
			buildActionMask = 2147483647;
			files = (
				19FB6B9B18428AD200C71880 /* mongoose.h in Headers */,
				19FB6B9D18428ADF00C71880 /* MongooseDaemon.h in Headers */,
			);
			runOnlyForDeploymentPostprocessing = 0;
		};
/* End PBXHeadersBuildPhase section */

/* Begin PBXNativeTarget section */
		19FB6B0A1842832800C71880 /* libMongooseDaemon.a */ = {
			isa = PBXNativeTarget;
			buildConfigurationList = 19FB6B2F1842832800C71880 /* Build configuration list for PBXNativeTarget "libMongooseDaemon.a" */;
			buildPhases = (
				19FB6B071842832800C71880 /* Sources */,
				19FB6B081842832800C71880 /* Frameworks */,
				19FB6B091842832800C71880 /* Headers */,
			);
			buildRules = (
			);
			dependencies = (
			);
			name = libMongooseDaemon.a;
			productName = MongooseDaemon;
			productReference = 19FB6B0B1842832800C71880 /* libMongooseDaemon.a */;
			productType = "com.apple.product-type.library.static";
		};
		19FB6B1D1842832800C71880 /* MongooseDaemonTests */ = {
			isa = PBXNativeTarget;
			buildConfigurationList = 19FB6B321842832800C71880 /* Build configuration list for PBXNativeTarget "MongooseDaemonTests" */;
			buildPhases = (
				19FB6B1A1842832800C71880 /* Sources */,
				19FB6B1B1842832800C71880 /* Frameworks */,
				19FB6B1C1842832800C71880 /* Resources */,
			);
			buildRules = (
			);
			dependencies = (
				19FB6B231842832800C71880 /* PBXTargetDependency */,
			);
			name = MongooseDaemonTests;
			productName = MongooseDaemonTests;
			productReference = 19FB6B1E1842832800C71880 /* MongooseDaemonTests.xctest */;
			productType = "com.apple.product-type.bundle.unit-test";
		};
		19FB6B7518428A7200C71880 /* MongooseDaemon.framework */ = {
			isa = PBXNativeTarget;
			buildConfigurationList = 19FB6B9418428A7200C71880 /* Build configuration list for PBXNativeTarget "MongooseDaemon.framework" */;
			buildPhases = (
				19FB6B7118428A7200C71880 /* Sources */,
				19FB6B7218428A7200C71880 /* Frameworks */,
				19FB6B7318428A7200C71880 /* Headers */,
				19FB6B7418428A7200C71880 /* Resources */,
			);
			buildRules = (
			);
			dependencies = (
			);
			name = MongooseDaemon.framework;
			productName = MongooseDaemon;
			productReference = 19FB6B7618428A7200C71880 /* MongooseDaemon.framework */;
			productType = "com.apple.product-type.framework";
		};
		19FB6B8518428A7200C71880 /* MongooseDaemonTests */ = {
			isa = PBXNativeTarget;
			buildConfigurationList = 19FB6B9718428A7200C71880 /* Build configuration list for PBXNativeTarget "MongooseDaemonTests" */;
			buildPhases = (
				19FB6B8218428A7200C71880 /* Sources */,
				19FB6B8318428A7200C71880 /* Frameworks */,
				19FB6B8418428A7200C71880 /* Resources */,
			);
			buildRules = (
			);
			dependencies = (
				19FB6B8A18428A7200C71880 /* PBXTargetDependency */,
			);
			name = MongooseDaemonTests;
			productName = MongooseDaemonTests;
			productReference = 19FB6B8618428A7200C71880 /* MongooseDaemonTests.xctest */;
			productType = "com.apple.product-type.bundle.unit-test";
		};
/* End PBXNativeTarget section */

/* Begin PBXProject section */
		19FB6B031842832800C71880 /* Project object */ = {
			isa = PBXProject;
			attributes = {
				LastUpgradeCheck = 0500;
				ORGANIZATIONNAME = CIM;
				TargetAttributes = {
					19FB6B1D1842832800C71880 = {
						TestTargetID = 19FB6B7518428A7200C71880;
					};
					19FB6B8518428A7200C71880 = {
						TestTargetID = 19FB6B7518428A7200C71880;
					};
				};
			};
			buildConfigurationList = 19FB6B061842832800C71880 /* Build configuration list for PBXProject "MongooseDaemon" */;
			compatibilityVersion = "Xcode 3.2";
			developmentRegion = English;
			hasScannedForEncodings = 0;
			knownRegions = (
				en,
			);
			mainGroup = 19FB6B021842832800C71880;
			productRefGroup = 19FB6B0C1842832800C71880 /* Products */;
			projectDirPath = "";
			projectRoot = "";
			targets = (
				19FB6B0A1842832800C71880 /* libMongooseDaemon.a */,
				19FB6B1D1842832800C71880 /* MongooseDaemonTests */,
				19FB6B7518428A7200C71880 /* MongooseDaemon.framework */,
				19FB6B8518428A7200C71880 /* MongooseDaemonTests */,
			);
		};
/* End PBXProject section */

/* Begin PBXResourcesBuildPhase section */
		19FB6B1C1842832800C71880 /* Resources */ = {
			isa = PBXResourcesBuildPhase;
			buildActionMask = 2147483647;
			files = (
				19FB6B2A1842832800C71880 /* InfoPlist.strings in Resources */,
			);
			runOnlyForDeploymentPostprocessing = 0;
		};
		19FB6B7418428A7200C71880 /* Resources */ = {
			isa = PBXResourcesBuildPhase;
			buildActionMask = 2147483647;
			files = (
			);
			runOnlyForDeploymentPostprocessing = 0;
		};
		19FB6B8418428A7200C71880 /* Resources */ = {
			isa = PBXResourcesBuildPhase;
			buildActionMask = 2147483647;
			files = (
			);
			runOnlyForDeploymentPostprocessing = 0;
		};
/* End PBXResourcesBuildPhase section */

/* Begin PBXSourcesBuildPhase section */
		19FB6B071842832800C71880 /* Sources */ = {
			isa = PBXSourcesBuildPhase;
			buildActionMask = 2147483647;
			files = (
				19FB6B6F184286C600C71880 /* mongoose.c in Sources */,
				19FB6B6B1842843900C71880 /* MongooseDaemon.m in Sources */,
			);
			runOnlyForDeploymentPostprocessing = 0;
		};
		19FB6B1A1842832800C71880 /* Sources */ = {
			isa = PBXSourcesBuildPhase;
			buildActionMask = 2147483647;
			files = (
				19FB6B2C1842832800C71880 /* MongooseDaemonTests.m in Sources */,
			);
			runOnlyForDeploymentPostprocessing = 0;
		};
		19FB6B7118428A7200C71880 /* Sources */ = {
			isa = PBXSourcesBuildPhase;
			buildActionMask = 2147483647;
			files = (
				19FB6B9C18428ADC00C71880 /* MongooseDaemon.m in Sources */,
				19FB6B9A18428AD000C71880 /* mongoose.c in Sources */,
			);
			runOnlyForDeploymentPostprocessing = 0;
		};
		19FB6B8218428A7200C71880 /* Sources */ = {
			isa = PBXSourcesBuildPhase;
			buildActionMask = 2147483647;
			files = (
			);
			runOnlyForDeploymentPostprocessing = 0;
		};
/* End PBXSourcesBuildPhase section */

/* Begin PBXTargetDependency section */
		19FB6B231842832800C71880 /* PBXTargetDependency */ = {
			isa = PBXTargetDependency;
			target = 19FB6B0A1842832800C71880 /* libMongooseDaemon.a */;
			targetProxy = 19FB6B221842832800C71880 /* PBXContainerItemProxy */;
		};
		19FB6B8A18428A7200C71880 /* PBXTargetDependency */ = {
			isa = PBXTargetDependency;
			target = 19FB6B7518428A7200C71880 /* MongooseDaemon.framework */;
			targetProxy = 19FB6B8918428A7200C71880 /* PBXContainerItemProxy */;
		};
/* End PBXTargetDependency section */

/* Begin PBXVariantGroup section */
		19FB6B281842832800C71880 /* InfoPlist.strings */ = {
			isa = PBXVariantGroup;
			children = (
				19FB6B291842832800C71880 /* en */,
			);
			name = InfoPlist.strings;
			sourceTree = "<group>";
		};
/* End PBXVariantGroup section */

/* Begin XCBuildConfiguration section */
		19FB6B2D1842832800C71880 /* Debug */ = {
			isa = XCBuildConfiguration;
			buildSettings = {
				ALWAYS_SEARCH_USER_PATHS = NO;
				CLANG_CXX_LANGUAGE_STANDARD = "gnu++0x";
				CLANG_CXX_LIBRARY = "libc++";
				CLANG_ENABLE_OBJC_ARC = YES;
				CLANG_WARN_BOOL_CONVERSION = YES;
				CLANG_WARN_CONSTANT_CONVERSION = YES;
				CLANG_WARN_DIRECT_OBJC_ISA_USAGE = YES_ERROR;
				CLANG_WARN_EMPTY_BODY = YES;
				CLANG_WARN_ENUM_CONVERSION = YES;
				CLANG_WARN_INT_CONVERSION = YES;
				CLANG_WARN_OBJC_ROOT_CLASS = YES_ERROR;
				CLANG_WARN__DUPLICATE_METHOD_MATCH = YES;
				COPY_PHASE_STRIP = NO;
				GCC_C_LANGUAGE_STANDARD = gnu99;
				GCC_DYNAMIC_NO_PIC = NO;
				GCC_ENABLE_OBJC_EXCEPTIONS = YES;
				GCC_OPTIMIZATION_LEVEL = 0;
				GCC_PREPROCESSOR_DEFINITIONS = (
					"DEBUG=1",
					"$(inherited)",
				);
				GCC_SYMBOLS_PRIVATE_EXTERN = NO;
				GCC_WARN_64_TO_32_BIT_CONVERSION = YES;
				GCC_WARN_ABOUT_RETURN_TYPE = YES_ERROR;
				GCC_WARN_UNDECLARED_SELECTOR = YES;
				GCC_WARN_UNINITIALIZED_AUTOS = YES;
				GCC_WARN_UNUSED_FUNCTION = YES;
				GCC_WARN_UNUSED_VARIABLE = YES;
				MACOSX_DEPLOYMENT_TARGET = 10.9;
				ONLY_ACTIVE_ARCH = YES;
				PRODUCT_NAME = "";
				SDKROOT = macosx;
			};
			name = Debug;
		};
		19FB6B2E1842832800C71880 /* Release */ = {
			isa = XCBuildConfiguration;
			buildSettings = {
				ALWAYS_SEARCH_USER_PATHS = NO;
				CLANG_CXX_LANGUAGE_STANDARD = "gnu++0x";
				CLANG_CXX_LIBRARY = "libc++";
				CLANG_ENABLE_OBJC_ARC = YES;
				CLANG_WARN_BOOL_CONVERSION = YES;
				CLANG_WARN_CONSTANT_CONVERSION = YES;
				CLANG_WARN_DIRECT_OBJC_ISA_USAGE = YES_ERROR;
				CLANG_WARN_EMPTY_BODY = YES;
				CLANG_WARN_ENUM_CONVERSION = YES;
				CLANG_WARN_INT_CONVERSION = YES;
				CLANG_WARN_OBJC_ROOT_CLASS = YES_ERROR;
				CLANG_WARN__DUPLICATE_METHOD_MATCH = YES;
				COPY_PHASE_STRIP = YES;
				DEBUG_INFORMATION_FORMAT = "dwarf-with-dsym";
				ENABLE_NS_ASSERTIONS = NO;
				GCC_C_LANGUAGE_STANDARD = gnu99;
				GCC_ENABLE_OBJC_EXCEPTIONS = YES;
				GCC_WARN_64_TO_32_BIT_CONVERSION = YES;
				GCC_WARN_ABOUT_RETURN_TYPE = YES_ERROR;
				GCC_WARN_UNDECLARED_SELECTOR = YES;
				GCC_WARN_UNINITIALIZED_AUTOS = YES;
				GCC_WARN_UNUSED_FUNCTION = YES;
				GCC_WARN_UNUSED_VARIABLE = YES;
				MACOSX_DEPLOYMENT_TARGET = 10.9;
				PRODUCT_NAME = "";
				SDKROOT = macosx;
			};
			name = Release;
		};
		19FB6B301842832800C71880 /* Debug */ = {
			isa = XCBuildConfiguration;
			buildSettings = {
				GCC_PRECOMPILE_PREFIX_HEADER = YES;
				GCC_PREFIX_HEADER = "MongooseDaemon/MongooseDaemon-Prefix.pch";
				PRODUCT_NAME = MongooseDaemon;
				SDKROOT = iphoneos;
			};
			name = Debug;
		};
		19FB6B311842832800C71880 /* Release */ = {
			isa = XCBuildConfiguration;
			buildSettings = {
				GCC_PRECOMPILE_PREFIX_HEADER = YES;
				GCC_PREFIX_HEADER = "MongooseDaemon/MongooseDaemon-Prefix.pch";
				PRODUCT_NAME = MongooseDaemon;
				SDKROOT = iphoneos;
			};
			name = Release;
		};
		19FB6B331842832800C71880 /* Debug */ = {
			isa = XCBuildConfiguration;
			buildSettings = {
				BUNDLE_LOADER = "$(BUILT_PRODUCTS_DIR)/MongooseDaemon.framework/Versions/A/MongooseDaemon";
				COMBINE_HIDPI_IMAGES = YES;
				FRAMEWORK_SEARCH_PATHS = (
					"$(DEVELOPER_FRAMEWORKS_DIR)",
					"$(inherited)",
				);
				GCC_PRECOMPILE_PREFIX_HEADER = YES;
				GCC_PREFIX_HEADER = "MongooseDaemon/MongooseDaemon-Prefix.pch";
				GCC_PREPROCESSOR_DEFINITIONS = (
					"DEBUG=1",
					"$(inherited)",
				);
				INFOPLIST_FILE = "MongooseDaemonTests/MongooseDaemonTests-Info.plist";
				PRODUCT_NAME = "$(TARGET_NAME)";
				TEST_HOST = "$(BUNDLE_LOADER)";
				WRAPPER_EXTENSION = xctest;
			};
			name = Debug;
		};
		19FB6B341842832800C71880 /* Release */ = {
			isa = XCBuildConfiguration;
			buildSettings = {
				BUNDLE_LOADER = "$(BUILT_PRODUCTS_DIR)/MongooseDaemon.framework/Versions/A/MongooseDaemon";
				COMBINE_HIDPI_IMAGES = YES;
				FRAMEWORK_SEARCH_PATHS = (
					"$(DEVELOPER_FRAMEWORKS_DIR)",
					"$(inherited)",
				);
				GCC_PRECOMPILE_PREFIX_HEADER = YES;
				GCC_PREFIX_HEADER = "MongooseDaemon/MongooseDaemon-Prefix.pch";
				INFOPLIST_FILE = "MongooseDaemonTests/MongooseDaemonTests-Info.plist";
				PRODUCT_NAME = "$(TARGET_NAME)";
				TEST_HOST = "$(BUNDLE_LOADER)";
				WRAPPER_EXTENSION = xctest;
			};
			name = Release;
		};
		19FB6B9518428A7200C71880 /* Debug */ = {
			isa = XCBuildConfiguration;
			buildSettings = {
				ARCHS = "$(ARCHS_STANDARD)";
				COMBINE_HIDPI_IMAGES = YES;
				DYLIB_COMPATIBILITY_VERSION = 1;
				DYLIB_CURRENT_VERSION = 1;
				FRAMEWORK_VERSION = A;
				GCC_PRECOMPILE_PREFIX_HEADER = YES;
				GCC_PREFIX_HEADER = "MongooseDaemon/MongooseDaemon-Prefix.pch";
				GCC_PREPROCESSOR_DEFINITIONS = (
					"DEBUG=1",
					"$(inherited)",
				);
				INFOPLIST_FILE = "MongooseDaemon/MongooseDaemon-Info.plist";
				ONLY_ACTIVE_ARCH = YES;
				PRODUCT_NAME = MongooseDaemon;
				WRAPPER_EXTENSION = framework;
			};
			name = Debug;
		};
		19FB6B9618428A7200C71880 /* Release */ = {
			isa = XCBuildConfiguration;
			buildSettings = {
				ARCHS = "$(ARCHS_STANDARD)";
				COMBINE_HIDPI_IMAGES = YES;
				DYLIB_COMPATIBILITY_VERSION = 1;
				DYLIB_CURRENT_VERSION = 1;
				FRAMEWORK_VERSION = A;
				GCC_PRECOMPILE_PREFIX_HEADER = YES;
				GCC_PREFIX_HEADER = "MongooseDaemon/MongooseDaemon-Prefix.pch";
				INFOPLIST_FILE = "MongooseDaemon/MongooseDaemon-Info.plist";
				ONLY_ACTIVE_ARCH = NO;
				PRODUCT_NAME = MongooseDaemon;
				WRAPPER_EXTENSION = framework;
			};
			name = Release;
		};
		19FB6B9818428A7200C71880 /* Debug */ = {
			isa = XCBuildConfiguration;
			buildSettings = {
				BUNDLE_LOADER = "$(BUILT_PRODUCTS_DIR)/MongooseDaemon.framework/Versions/A/MongooseDaemon";
				COMBINE_HIDPI_IMAGES = YES;
				FRAMEWORK_SEARCH_PATHS = (
					"$(DEVELOPER_FRAMEWORKS_DIR)",
					"$(inherited)",
				);
				GCC_PRECOMPILE_PREFIX_HEADER = YES;
				GCC_PREFIX_HEADER = "MongooseDaemon/MongooseDaemon-Prefix.pch";
				GCC_PREPROCESSOR_DEFINITIONS = (
					"DEBUG=1",
					"$(inherited)",
				);
				INFOPLIST_FILE = "MongooseDaemonTests/MongooseDaemonTests-Info.plist";
				PRODUCT_NAME = "$(TARGET_NAME)";
				TEST_HOST = "$(BUNDLE_LOADER)";
				WRAPPER_EXTENSION = xctest;
			};
			name = Debug;
		};
		19FB6B9918428A7200C71880 /* Release */ = {
			isa = XCBuildConfiguration;
			buildSettings = {
				BUNDLE_LOADER = "$(BUILT_PRODUCTS_DIR)/MongooseDaemon.framework/Versions/A/MongooseDaemon";
				COMBINE_HIDPI_IMAGES = YES;
				FRAMEWORK_SEARCH_PATHS = (
					"$(DEVELOPER_FRAMEWORKS_DIR)",
					"$(inherited)",
				);
				GCC_PRECOMPILE_PREFIX_HEADER = YES;
				GCC_PREFIX_HEADER = "MongooseDaemon/MongooseDaemon-Prefix.pch";
				INFOPLIST_FILE = "MongooseDaemonTests/MongooseDaemonTests-Info.plist";
				PRODUCT_NAME = "$(TARGET_NAME)";
				TEST_HOST = "$(BUNDLE_LOADER)";
				WRAPPER_EXTENSION = xctest;
			};
			name = Release;
		};
/* End XCBuildConfiguration section */

/* Begin XCConfigurationList section */
		19FB6B061842832800C71880 /* Build configuration list for PBXProject "MongooseDaemon" */ = {
			isa = XCConfigurationList;
			buildConfigurations = (
				19FB6B2D1842832800C71880 /* Debug */,
				19FB6B2E1842832800C71880 /* Release */,
			);
			defaultConfigurationIsVisible = 0;
			defaultConfigurationName = Release;
		};
		19FB6B2F1842832800C71880 /* Build configuration list for PBXNativeTarget "libMongooseDaemon.a" */ = {
			isa = XCConfigurationList;
			buildConfigurations = (
				19FB6B301842832800C71880 /* Debug */,
				19FB6B311842832800C71880 /* Release */,
			);
			defaultConfigurationIsVisible = 0;
			defaultConfigurationName = Release;
		};
		19FB6B321842832800C71880 /* Build configuration list for PBXNativeTarget "MongooseDaemonTests" */ = {
			isa = XCConfigurationList;
			buildConfigurations = (
				19FB6B331842832800C71880 /* Debug */,
				19FB6B341842832800C71880 /* Release */,
			);
			defaultConfigurationIsVisible = 0;
			defaultConfigurationName = Release;
		};
		19FB6B9418428A7200C71880 /* Build configuration list for PBXNativeTarget "MongooseDaemon.framework" */ = {
			isa = XCConfigurationList;
			buildConfigurations = (
				19FB6B9518428A7200C71880 /* Debug */,
				19FB6B9618428A7200C71880 /* Release */,
			);
			defaultConfigurationIsVisible = 0;
		};
		19FB6B9718428A7200C71880 /* Build configuration list for PBXNativeTarget "MongooseDaemonTests" */ = {
			isa = XCConfigurationList;
			buildConfigurations = (
				19FB6B9818428A7200C71880 /* Debug */,
				19FB6B9918428A7200C71880 /* Release */,
			);
			defaultConfigurationIsVisible = 0;
		};
/* End XCConfigurationList section */
	};
	rootObject = 19FB6B031842832800C71880 /* Project object */;
}
